
Microsoft Visual Studio Solution File, Format Version 12.00
# Visual Studio Version 17
VisualStudioVersion = 17.0.32002.185
MinimumVisualStudioVersion = 10.0.40219.1
Project("{FAE04EC0-301F-11D3-BF4B-00C04F79EFBC}") = "Chuvi_Dientich_HinhTron1", "Chuvi_Dientich_HinhTron1\Chuvi_Dientich_HinhTron1.csproj", "{12AAE32C-83D6-45B5-8CD3-11BB17F8BB03}"
EndProject
Global
	GlobalSection(SolutionConfigurationPlatforms) = preSolution
		Debug|Any CPU = Debug|Any CPU
		Release|Any CPU = Release|Any CPU
	EndGlobalSection
	GlobalSection(ProjectConfigurationPlatforms) = postSolution
		{12AAE32C-83D6-45B5-8CD3-11BB17F8BB03}.Debug|Any CPU.ActiveCfg = Debug|Any CPU
		{12AAE32C-83D6-45B5-8CD3-11BB17F8BB03}.Debug|Any CPU.Build.0 = Debug|Any CPU
		{12AAE32C-83D6-45B5-8CD3-11BB17F8BB03}.Release|Any CPU.ActiveCfg = Release|Any CPU
		{12AAE32C-83D6-45B5-8CD3-11BB17F8BB03}.Release|Any CPU.Build.0 = Release|Any CPU
	EndGlobalSection
	GlobalSection(SolutionProperties) = preSolution
		HideSolutionNode = FALSE
	EndGlobalSection
	GlobalSection(ExtensibilityGlobals) = postSolution
		SolutionGuid = {1B346F0A-1CC6-404F-A4F6-BCC774E03C5E}
	EndGlobalSection
EndGlobal
